// !$*UTF8*$!
{
	archiveVersion = 1;
	classes = {
	};
	objectVersion = 46;
	objects = {

/* Begin PBXBuildFile section */
		03F2547A1BF1CA73006181E0 /* main.m in Sources */ = {isa = PBXBuildFile; fileRef = 03F254791BF1CA73006181E0 /* main.m */; };
		03F254851BF1CA73006181E0 /* Assets.xcassets in Resources */ = {isa = PBXBuildFile; fileRef = 03F254841BF1CA73006181E0 /* Assets.xcassets */; };
		03F254881BF1CA73006181E0 /* LaunchScreen.storyboard in Resources */ = {isa = PBXBuildFile; fileRef = 03F254861BF1CA73006181E0 /* LaunchScreen.storyboard */; };
		03F254931BF1CA73006181E0 /* MapKitTests.m in Sources */ = {isa = PBXBuildFile; fileRef = 03F254921BF1CA73006181E0 /* MapKitTests.m */; };
		03F2549E1BF1CA73006181E0 /* MapKitUITests.m in Sources */ = {isa = PBXBuildFile; fileRef = 03F2549D1BF1CA73006181E0 /* MapKitUITests.m */; };
		03F254AE1BF1CABD006181E0 /* MapKit.framework in Frameworks */ = {isa = PBXBuildFile; fileRef = 03F254AD1BF1CABD006181E0 /* MapKit.framework */; };
		03F254B01BF1CAED006181E0 /* CoreLocation.framework in Frameworks */ = {isa = PBXBuildFile; fileRef = 03F254AF1BF1CAED006181E0 /* CoreLocation.framework */; };
		03F254BA1BF1D0A5006181E0 /* AppDelegate.m in Sources */ = {isa = PBXBuildFile; fileRef = 03F254B41BF1D0A5006181E0 /* AppDelegate.m */; };
		03F254BB1BF1D0A5006181E0 /* BootLogic.m in Sources */ = {isa = PBXBuildFile; fileRef = 03F254B51BF1D0A5006181E0 /* BootLogic.m */; };
		03F254BD1BF1D0A5006181E0 /* MainScreen.m in Sources */ = {isa = PBXBuildFile; fileRef = 03F254B91BF1D0A5006181E0 /* MainScreen.m */; };
		03F254C71BF1DE92006181E0 /* PathFind.m in Sources */ = {isa = PBXBuildFile; fileRef = 03F254C51BF1DE92006181E0 /* PathFind.m */; };
		03F254C81BF1DE92006181E0 /* PathFind.xib in Resources */ = {isa = PBXBuildFile; fileRef = 03F254C61BF1DE92006181E0 /* PathFind.xib */; };
		03F254CB1BF1DEFD006181E0 /* LocationAnnotation.m in Sources */ = {isa = PBXBuildFile; fileRef = 03F254CA1BF1DEFD006181E0 /* LocationAnnotation.m */; };
/* End PBXBuildFile section */

/* Begin PBXContainerItemProxy section */
		03F2548F1BF1CA73006181E0 /* PBXContainerItemProxy */ = {
			isa = PBXContainerItemProxy;
			containerPortal = 03F2546D1BF1CA72006181E0 /* Project object */;
			proxyType = 1;
			remoteGlobalIDString = 03F254741BF1CA73006181E0;
			remoteInfo = MapKit;
		};
		03F2549A1BF1CA73006181E0 /* PBXContainerItemProxy */ = {
			isa = PBXContainerItemProxy;
			containerPortal = 03F2546D1BF1CA72006181E0 /* Project object */;
			proxyType = 1;
			remoteGlobalIDString = 03F254741BF1CA73006181E0;
			remoteInfo = MapKit;
		};
/* End PBXContainerItemProxy section */

/* Begin PBXFileReference section */
		03F254751BF1CA73006181E0 /* MapKit.app */ = {isa = PBXFileReference; explicitFileType = wrapper.application; includeInIndex = 0; path = MapKit.app; sourceTree = BUILT_PRODUCTS_DIR; };
		03F254791BF1CA73006181E0 /* main.m */ = {isa = PBXFileReference; lastKnownFileType = sourcecode.c.objc; path = main.m; sourceTree = "<group>"; };
		03F254841BF1CA73006181E0 /* Assets.xcassets */ = {isa = PBXFileReference; lastKnownFileType = folder.assetcatalog; path = Assets.xcassets; sourceTree = "<group>"; };
		03F254871BF1CA73006181E0 /* Base */ = {isa = PBXFileReference; lastKnownFileType = file.storyboard; name = Base; path = Base.lproj/LaunchScreen.storyboard; sourceTree = "<group>"; };
		03F254891BF1CA73006181E0 /* Info.plist */ = {isa = PBXFileReference; lastKnownFileType = text.plist.xml; path = Info.plist; sourceTree = "<group>"; };
		03F2548E1BF1CA73006181E0 /* MapKitTests.xctest */ = {isa = PBXFileReference; explicitFileType = wrapper.cfbundle; includeInIndex = 0; path = MapKitTests.xctest; sourceTree = BUILT_PRODUCTS_DIR; };
		03F254921BF1CA73006181E0 /* MapKitTests.m */ = {isa = PBXFileReference; lastKnownFileType = sourcecode.c.objc; path = MapKitTests.m; sourceTree = "<group>"; };
		03F254941BF1CA73006181E0 /* Info.plist */ = {isa = PBXFileReference; lastKnownFileType = text.plist.xml; path = Info.plist; sourceTree = "<group>"; };
		03F254991BF1CA73006181E0 /* MapKitUITests.xctest */ = {isa = PBXFileReference; explicitFileType = wrapper.cfbundle; includeInIndex = 0; path = MapKitUITests.xctest; sourceTree = BUILT_PRODUCTS_DIR; };
		03F2549D1BF1CA73006181E0 /* MapKitUITests.m */ = {isa = PBXFileReference; lastKnownFileType = sourcecode.c.objc; path = MapKitUITests.m; sourceTree = "<group>"; };
		03F2549F1BF1CA73006181E0 /* Info.plist */ = {isa = PBXFileReference; lastKnownFileType = text.plist.xml; path = Info.plist; sourceTree = "<group>"; };
		03F254AD1BF1CABD006181E0 /* MapKit.framework */ = {isa = PBXFileReference; lastKnownFileType = wrapper.framework; name = MapKit.framework; path = System/Library/Frameworks/MapKit.framework; sourceTree = SDKROOT; };
		03F254AF1BF1CAED006181E0 /* CoreLocation.framework */ = {isa = PBXFileReference; lastKnownFileType = wrapper.framework; name = CoreLocation.framework; path = System/Library/Frameworks/CoreLocation.framework; sourceTree = SDKROOT; };
		03F254B21BF1D0A5006181E0 /* BootLogic.h */ = {isa = PBXFileReference; fileEncoding = 4; lastKnownFileType = sourcecode.c.h; path = BootLogic.h; sourceTree = "<group>"; };
		03F254B31BF1D0A5006181E0 /* AppDelegate.h */ = {isa = PBXFileReference; fileEncoding = 4; lastKnownFileType = sourcecode.c.h; path = AppDelegate.h; sourceTree = "<group>"; };
		03F254B41BF1D0A5006181E0 /* AppDelegate.m */ = {isa = PBXFileReference; fileEncoding = 4; lastKnownFileType = sourcecode.c.objc; path = AppDelegate.m; sourceTree = "<group>"; };
		03F254B51BF1D0A5006181E0 /* BootLogic.m */ = {isa = PBXFileReference; fileEncoding = 4; lastKnownFileType = sourcecode.c.objc; path = BootLogic.m; sourceTree = "<group>"; };
		03F254B81BF1D0A5006181E0 /* MainScreen.h */ = {isa = PBXFileReference; fileEncoding = 4; lastKnownFileType = sourcecode.c.h; path = MainScreen.h; sourceTree = "<group>"; };
		03F254B91BF1D0A5006181E0 /* MainScreen.m */ = {isa = PBXFileReference; fileEncoding = 4; lastKnownFileType = sourcecode.c.objc; path = MainScreen.m; sourceTree = "<group>"; };
		03F254C41BF1DE92006181E0 /* PathFind.h */ = {isa = PBXFileReference; fileEncoding = 4; lastKnownFileType = sourcecode.c.h; path = PathFind.h; sourceTree = "<group>"; };
		03F254C51BF1DE92006181E0 /* PathFind.m */ = {isa = PBXFileReference; fileEncoding = 4; lastKnownFileType = sourcecode.c.objc; path = PathFind.m; sourceTree = "<group>"; };
		03F254C61BF1DE92006181E0 /* PathFind.xib */ = {isa = PBXFileReference; fileEncoding = 4; lastKnownFileType = file.xib; path = PathFind.xib; sourceTree = "<group>"; };
		03F254C91BF1DEFD006181E0 /* LocationAnnotation.h */ = {isa = PBXFileReference; fileEncoding = 4; lastKnownFileType = sourcecode.c.h; path = LocationAnnotation.h; sourceTree = "<group>"; };
		03F254CA1BF1DEFD006181E0 /* LocationAnnotation.m */ = {isa = PBXFileReference; fileEncoding = 4; lastKnownFileType = sourcecode.c.objc; path = LocationAnnotation.m; sourceTree = "<group>"; };
/* End PBXFileReference section */

/* Begin PBXFrameworksBuildPhase section */
		03F254721BF1CA73006181E0 /* Frameworks */ = {
			isa = PBXFrameworksBuildPhase;
			buildActionMask = 2147483647;
			files = (
				03F254B01BF1CAED006181E0 /* CoreLocation.framework in Frameworks */,
				03F254AE1BF1CABD006181E0 /* MapKit.framework in Frameworks */,
			);
			runOnlyForDeploymentPostprocessing = 0;
		};
		03F2548B1BF1CA73006181E0 /* Frameworks */ = {
			isa = PBXFrameworksBuildPhase;
			buildActionMask = 2147483647;
			files = (
			);
			runOnlyForDeploymentPostprocessing = 0;
		};
		03F254961BF1CA73006181E0 /* Frameworks */ = {
			isa = PBXFrameworksBuildPhase;
			buildActionMask = 2147483647;
			files = (
			);
			runOnlyForDeploymentPostprocessing = 0;
		};
/* End PBXFrameworksBuildPhase section */

/* Begin PBXGroup section */
		03F2546C1BF1CA72006181E0 = {
			isa = PBXGroup;
			children = (
				03F254AF1BF1CAED006181E0 /* CoreLocation.framework */,
				03F254AD1BF1CABD006181E0 /* MapKit.framework */,
				03F254BE1BF1D10B006181E0 /* View */,
				03F254B11BF1CFEF006181E0 /* Core */,
				03F254771BF1CA73006181E0 /* MapKit */,
				03F254911BF1CA73006181E0 /* MapKitTests */,
				03F2549C1BF1CA73006181E0 /* MapKitUITests */,
				03F254761BF1CA73006181E0 /* Products */,
			);
			sourceTree = "<group>";
		};
		03F254761BF1CA73006181E0 /* Products */ = {
			isa = PBXGroup;
			children = (
				03F254751BF1CA73006181E0 /* MapKit.app */,
				03F2548E1BF1CA73006181E0 /* MapKitTests.xctest */,
				03F254991BF1CA73006181E0 /* MapKitUITests.xctest */,
			);
			name = Products;
			sourceTree = "<group>";
		};
		03F254771BF1CA73006181E0 /* MapKit */ = {
			isa = PBXGroup;
			children = (
				03F254841BF1CA73006181E0 /* Assets.xcassets */,
				03F254861BF1CA73006181E0 /* LaunchScreen.storyboard */,
				03F254891BF1CA73006181E0 /* Info.plist */,
				03F254781BF1CA73006181E0 /* Supporting Files */,
			);
			path = MapKit;
			sourceTree = "<group>";
		};
		03F254781BF1CA73006181E0 /* Supporting Files */ = {
			isa = PBXGroup;
			children = (
				03F254791BF1CA73006181E0 /* main.m */,
			);
			name = "Supporting Files";
			sourceTree = "<group>";
		};
		03F254911BF1CA73006181E0 /* MapKitTests */ = {
			isa = PBXGroup;
			children = (
				03F254921BF1CA73006181E0 /* MapKitTests.m */,
				03F254941BF1CA73006181E0 /* Info.plist */,
			);
			path = MapKitTests;
			sourceTree = "<group>";
		};
		03F2549C1BF1CA73006181E0 /* MapKitUITests */ = {
			isa = PBXGroup;
			children = (
				03F2549D1BF1CA73006181E0 /* MapKitUITests.m */,
				03F2549F1BF1CA73006181E0 /* Info.plist */,
			);
			path = MapKitUITests;
			sourceTree = "<group>";
		};
		03F254B11BF1CFEF006181E0 /* Core */ = {
			isa = PBXGroup;
			children = (
				03F254B31BF1D0A5006181E0 /* AppDelegate.h */,
				03F254B41BF1D0A5006181E0 /* AppDelegate.m */,
				03F254B21BF1D0A5006181E0 /* BootLogic.h */,
				03F254B51BF1D0A5006181E0 /* BootLogic.m */,
				03F254B81BF1D0A5006181E0 /* MainScreen.h */,
				03F254B91BF1D0A5006181E0 /* MainScreen.m */,
			);
			name = Core;
			sourceTree = "<group>";
		};
		03F254BE1BF1D10B006181E0 /* View */ = {
			isa = PBXGroup;
			children = (
				03F254C91BF1DEFD006181E0 /* LocationAnnotation.h */,
				03F254CA1BF1DEFD006181E0 /* LocationAnnotation.m */,
				03F254C41BF1DE92006181E0 /* PathFind.h */,
				03F254C51BF1DE92006181E0 /* PathFind.m */,
				03F254C61BF1DE92006181E0 /* PathFind.xib */,
			);
			name = View;
			sourceTree = "<group>";
		};
/* End PBXGroup section */

/* Begin PBXNativeTarget section */
		03F254741BF1CA73006181E0 /* MapKit */ = {
			isa = PBXNativeTarget;
			buildConfigurationList = 03F254A21BF1CA73006181E0 /* Build configuration list for PBXNativeTarget "MapKit" */;
			buildPhases = (
				03F254711BF1CA73006181E0 /* Sources */,
				03F254721BF1CA73006181E0 /* Frameworks */,
				03F254731BF1CA73006181E0 /* Resources */,
			);
			buildRules = (
			);
			dependencies = (
			);
			name = MapKit;
			productName = MapKit;
			productReference = 03F254751BF1CA73006181E0 /* MapKit.app */;
			productType = "com.apple.product-type.application";
		};
		03F2548D1BF1CA73006181E0 /* MapKitTests */ = {
			isa = PBXNativeTarget;
			buildConfigurationList = 03F254A51BF1CA73006181E0 /* Build configuration list for PBXNativeTarget "MapKitTests" */;
			buildPhases = (
				03F2548A1BF1CA73006181E0 /* Sources */,
				03F2548B1BF1CA73006181E0 /* Frameworks */,
				03F2548C1BF1CA73006181E0 /* Resources */,
			);
			buildRules = (
			);
			dependencies = (
				03F254901BF1CA73006181E0 /* PBXTargetDependency */,
			);
			name = MapKitTests;
			productName = MapKitTests;
			productReference = 03F2548E1BF1CA73006181E0 /* MapKitTests.xctest */;
			productType = "com.apple.product-type.bundle.unit-test";
		};
		03F254981BF1CA73006181E0 /* MapKitUITests */ = {
			isa = PBXNativeTarget;
			buildConfigurationList = 03F254A81BF1CA73006181E0 /* Build configuration list for PBXNativeTarget "MapKitUITests" */;
			buildPhases = (
				03F254951BF1CA73006181E0 /* Sources */,
				03F254961BF1CA73006181E0 /* Frameworks */,
				03F254971BF1CA73006181E0 /* Resources */,
			);
			buildRules = (
			);
			dependencies = (
				03F2549B1BF1CA73006181E0 /* PBXTargetDependency */,
			);
			name = MapKitUITests;
			productName = MapKitUITests;
			productReference = 03F254991BF1CA73006181E0 /* MapKitUITests.xctest */;
			productType = "com.apple.product-type.bundle.ui-testing";
		};
/* End PBXNativeTarget section */

/* Begin PBXProject section */
		03F2546D1BF1CA72006181E0 /* Project object */ = {
			isa = PBXProject;
			attributes = {
				LastUpgradeCheck = 0710;
				ORGANIZATIONNAME = KhanhNQ;
				TargetAttributes = {
					03F254741BF1CA73006181E0 = {
						CreatedOnToolsVersion = 7.1;
						SystemCapabilities = {
							com.apple.Maps.iOS = {
								enabled = 1;
							};
						};
					};
					03F2548D1BF1CA73006181E0 = {
						CreatedOnToolsVersion = 7.1;
						TestTargetID = 03F254741BF1CA73006181E0;
					};
					03F254981BF1CA73006181E0 = {
						CreatedOnToolsVersion = 7.1;
						TestTargetID = 03F254741BF1CA73006181E0;
					};
				};
			};
			buildConfigurationList = 03F254701BF1CA73006181E0 /* Build configuration list for PBXProject "MapKit" */;
			compatibilityVersion = "Xcode 3.2";
			developmentRegion = English;
			hasScannedForEncodings = 0;
			knownRegions = (
				en,
				Base,
			);
			mainGroup = 03F2546C1BF1CA72006181E0;
			productRefGroup = 03F254761BF1CA73006181E0 /* Products */;
			projectDirPath = "";
			projectRoot = "";
			targets = (
				03F254741BF1CA73006181E0 /* MapKit */,
				03F2548D1BF1CA73006181E0 /* MapKitTests */,
				03F254981BF1CA73006181E0 /* MapKitUITests */,
			);
		};
/* End PBXProject section */

/* Begin PBXResourcesBuildPhase section */
		03F254731BF1CA73006181E0 /* Resources */ = {
			isa = PBXResourcesBuildPhase;
			buildActionMask = 2147483647;
			files = (
				03F254881BF1CA73006181E0 /* LaunchScreen.storyboard in Resources */,
				03F254C81BF1DE92006181E0 /* PathFind.xib in Resources */,
				03F254851BF1CA73006181E0 /* Assets.xcassets in Resources */,
			);
			runOnlyForDeploymentPostprocessing = 0;
		};
		03F2548C1BF1CA73006181E0 /* Resources */ = {
			isa = PBXResourcesBuildPhase;
			buildActionMask = 2147483647;
			files = (
			);
			runOnlyForDeploymentPostprocessing = 0;
		};
		03F254971BF1CA73006181E0 /* Resources */ = {
			isa = PBXResourcesBuildPhase;
			buildActionMask = 2147483647;
			files = (
			);
			runOnlyForDeploymentPostprocessing = 0;
		};
/* End PBXResourcesBuildPhase section */

/* Begin PBXSourcesBuildPhase section */
		03F254711BF1CA73006181E0 /* Sources */ = {
			isa = PBXSourcesBuildPhase;
			buildActionMask = 2147483647;
			files = (
				03F254BB1BF1D0A5006181E0 /* BootLogic.m in Sources */,
				03F254CB1BF1DEFD006181E0 /* LocationAnnotation.m in Sources */,
				03F254BD1BF1D0A5006181E0 /* MainScreen.m in Sources */,
				03F254BA1BF1D0A5006181E0 /* AppDelegate.m in Sources */,
				03F254C71BF1DE92006181E0 /* PathFind.m in Sources */,
				03F2547A1BF1CA73006181E0 /* main.m in Sources */,
			);
			runOnlyForDeploymentPostprocessing = 0;
		};
		03F2548A1BF1CA73006181E0 /* Sources */ = {
			isa = PBXSourcesBuildPhase;
			buildActionMask = 2147483647;
			files = (
				03F254931BF1CA73006181E0 /* MapKitTests.m in Sources */,
			);
			runOnlyForDeploymentPostprocessing = 0;
		};
		03F254951BF1CA73006181E0 /* Sources */ = {
			isa = PBXSourcesBuildPhase;
			buildActionMask = 2147483647;
			files = (
				03F2549E1BF1CA73006181E0 /* MapKitUITests.m in Sources */,
			);
			runOnlyForDeploymentPostprocessing = 0;
		};
/* End PBXSourcesBuildPhase section */

/* Begin PBXTargetDependency section */
		03F254901BF1CA73006181E0 /* PBXTargetDependency */ = {
			isa = PBXTargetDependency;
			target = 03F254741BF1CA73006181E0 /* MapKit */;
			targetProxy = 03F2548F1BF1CA73006181E0 /* PBXContainerItemProxy */;
		};
		03F2549B1BF1CA73006181E0 /* PBXTargetDependency */ = {
			isa = PBXTargetDependency;
			target = 03F254741BF1CA73006181E0 /* MapKit */;
			targetProxy = 03F2549A1BF1CA73006181E0 /* PBXContainerItemProxy */;
		};
/* End PBXTargetDependency section */

/* Begin PBXVariantGroup section */
		03F254861BF1CA73006181E0 /* LaunchScreen.storyboard */ = {
			isa = PBXVariantGroup;
			children = (
				03F254871BF1CA73006181E0 /* Base */,
			);
			name = LaunchScreen.storyboard;
			sourceTree = "<group>";
		};
/* End PBXVariantGroup section */

/* Begin XCBuildConfiguration section */
		03F254A01BF1CA73006181E0 /* Debug */ = {
			isa = XCBuildConfiguration;
			buildSettings = {
				ALWAYS_SEARCH_USER_PATHS = NO;
				CLANG_CXX_LANGUAGE_STANDARD = "gnu++0x";
				CLANG_CXX_LIBRARY = "libc++";
				CLANG_ENABLE_MODULES = YES;
				CLANG_ENABLE_OBJC_ARC = YES;
				CLANG_WARN_BOOL_CONVERSION = YES;
				CLANG_WARN_CONSTANT_CONVERSION = YES;
				CLANG_WARN_DIRECT_OBJC_ISA_USAGE = YES_ERROR;
				CLANG_WARN_EMPTY_BODY = YES;
				CLANG_WARN_ENUM_CONVERSION = YES;
				CLANG_WARN_INT_CONVERSION = YES;
				CLANG_WARN_OBJC_ROOT_CLASS = YES_ERROR;
				CLANG_WARN_UNREACHABLE_CODE = YES;
				CLANG_WARN__DUPLICATE_METHOD_MATCH = YES;
				"CODE_SIGN_IDENTITY[sdk=iphoneos*]" = "iPhone Developer";
				COPY_PHASE_STRIP = NO;
				DEBUG_INFORMATION_FORMAT = dwarf;
				ENABLE_STRICT_OBJC_MSGSEND = YES;
				ENABLE_TESTABILITY = YES;
				GCC_C_LANGUAGE_STANDARD = gnu99;
				GCC_DYNAMIC_NO_PIC = NO;
				GCC_NO_COMMON_BLOCKS = YES;
				GCC_OPTIMIZATION_LEVEL = 0;
				GCC_PREPROCESSOR_DEFINITIONS = (
					"DEBUG=1",
					"$(inherited)",
				);
				GCC_WARN_64_TO_32_BIT_CONVERSION = YES;
				GCC_WARN_ABOUT_RETURN_TYPE = YES_ERROR;
				GCC_WARN_UNDECLARED_SELECTOR = YES;
				GCC_WARN_UNINITIALIZED_AUTOS = YES_AGGRESSIVE;
				GCC_WARN_UNUSED_FUNCTION = YES;
				GCC_WARN_UNUSED_VARIABLE = YES;
				IPHONEOS_DEPLOYMENT_TARGET = 9.1;
				MTL_ENABLE_DEBUG_INFO = YES;
				ONLY_ACTIVE_ARCH = YES;
				SDKROOT = iphoneos;
				TARGETED_DEVICE_FAMILY = "1,2";
			};
			name = Debug;
		};
		03F254A11BF1CA73006181E0 /* Release */ = {
			isa = XCBuildConfiguration;
			buildSettings = {
				ALWAYS_SEARCH_USER_PATHS = NO;
				CLANG_CXX_LANGUAGE_STANDARD = "gnu++0x";
				CLANG_CXX_LIBRARY = "libc++";
				CLANG_ENABLE_MODULES = YES;
				CLANG_ENABLE_OBJC_ARC = YES;
				CLANG_WARN_BOOL_CONVERSION = YES;
				CLANG_WARN_CONSTANT_CONVERSION = YES;
				CLANG_WARN_DIRECT_OBJC_ISA_USAGE = YES_ERROR;
				CLANG_WARN_EMPTY_BODY = YES;
				CLANG_WARN_ENUM_CONVERSION = YES;
				CLANG_WARN_INT_CONVERSION = YES;
				CLANG_WARN_OBJC_ROOT_CLASS = YES_ERROR;
				CLANG_WARN_UNREACHABLE_CODE = YES;
				CLANG_WARN__DUPLICATE_METHOD_MATCH = YES;
				"CODE_SIGN_IDENTITY[sdk=iphoneos*]" = "iPhone Developer";
				COPY_PHASE_STRIP = NO;
				DEBUG_INFORMATION_FORMAT = "dwarf-with-dsym";
				ENABLE_NS_ASSERTIONS = NO;
				ENABLE_STRICT_OBJC_MSGSEND = YES;
				GCC_C_LANGUAGE_STANDARD = gnu99;
				GCC_NO_COMMON_BLOCKS = YES;
				GCC_WARN_64_TO_32_BIT_CONVERSION = YES;
				GCC_WARN_ABOUT_RETURN_TYPE = YES_ERROR;
				GCC_WARN_UNDECLARED_SELECTOR = YES;
				GCC_WARN_UNINITIALIZED_AUTOS = YES_AGGRESSIVE;
				GCC_WARN_UNUSED_FUNCTION = YES;
				GCC_WARN_UNUSED_VARIABLE = YES;
				IPHONEOS_DEPLOYMENT_TARGET = 9.1;
				MTL_ENABLE_DEBUG_INFO = NO;
				SDKROOT = iphoneos;
				TARGETED_DEVICE_FAMILY = "1,2";
				VALIDATE_PRODUCT = YES;
			};
			name = Release;
		};
		03F254A31BF1CA73006181E0 /* Debug */ = {
			isa = XCBuildConfiguration;
			buildSettings = {
				ASSETCATALOG_COMPILER_APPICON_NAME = AppIcon;
				INFOPLIST_FILE = MapKit/Info.plist;
				LD_RUNPATH_SEARCH_PATHS = "$(inherited) @executable_path/Frameworks";
				PRODUCT_BUNDLE_IDENTIFIER = com.fss.MapKit;
				PRODUCT_NAME = "$(TARGET_NAME)";
			};
			name = Debug;
		};
		03F254A41BF1CA73006181E0 /* Release */ = {
			isa = XCBuildConfiguration;
			buildSettings = {
				ASSETCATALOG_COMPILER_APPICON_NAME = AppIcon;
				INFOPLIST_FILE = MapKit/Info.plist;
				LD_RUNPATH_SEARCH_PATHS = "$(inherited) @executable_path/Frameworks";
				PRODUCT_BUNDLE_IDENTIFIER = com.fss.MapKit;
				PRODUCT_NAME = "$(TARGET_NAME)";
			};
			name = Release;
		};
		03F254A61BF1CA73006181E0 /* Debug */ = {
			isa = XCBuildConfiguration;
			buildSettings = {
				BUNDLE_LOADER = "$(TEST_HOST)";
				INFOPLIST_FILE = MapKitTests/Info.plist;
				LD_RUNPATH_SEARCH_PATHS = "$(inherited) @executable_path/Frameworks @loader_path/Frameworks";
				PRODUCT_BUNDLE_IDENTIFIER = com.fss.MapKitTests;
				PRODUCT_NAME = "$(TARGET_NAME)";
				TEST_HOST = "$(BUILT_PRODUCTS_DIR)/MapKit.app/MapKit";
			};
			name = Debug;
		};
		03F254A71BF1CA73006181E0 /* Release */ = {
			isa = XCBuildConfiguration;
			buildSettings = {
				BUNDLE_LOADER = "$(TEST_HOST)";
				INFOPLIST_FILE = MapKitTests/Info.plist;
				LD_RUNPATH_SEARCH_PATHS = "$(inherited) @executable_path/Frameworks @loader_path/Frameworks";
				PRODUCT_BUNDLE_IDENTIFIER = com.fss.MapKitTests;
				PRODUCT_NAME = "$(TARGET_NAME)";
				TEST_HOST = "$(BUILT_PRODUCTS_DIR)/MapKit.app/MapKit";
			};
			name = Release;
		};
		03F254A91BF1CA73006181E0 /* Debug */ = {
			isa = XCBuildConfiguration;
			buildSettings = {
				INFOPLIST_FILE = MapKitUITests/Info.plist;
				LD_RUNPATH_SEARCH_PATHS = "$(inherited) @executable_path/Frameworks @loader_path/Frameworks";
				PRODUCT_BUNDLE_IDENTIFIER = com.fss.MapKitUITests;
				PRODUCT_NAME = "$(TARGET_NAME)";
				TEST_TARGET_NAME = MapKit;
				USES_XCTRUNNER = YES;
			};
			name = Debug;
		};
		03F254AA1BF1CA73006181E0 /* Release */ = {
			isa = XCBuildConfiguration;
			buildSettings = {
				INFOPLIST_FILE = MapKitUITests/Info.plist;
				LD_RUNPATH_SEARCH_PATHS = "$(inherited) @executable_path/Frameworks @loader_path/Frameworks";
				PRODUCT_BUNDLE_IDENTIFIER = com.fss.MapKitUITests;
				PRODUCT_NAME = "$(TARGET_NAME)";
				TEST_TARGET_NAME = MapKit;
				USES_XCTRUNNER = YES;
			};
			name = Release;
		};
/* End XCBuildConfiguration section */

/* Begin XCConfigurationList section */
		03F254701BF1CA73006181E0 /* Build configuration list for PBXProject "MapKit" */ = {
			isa = XCConfigurationList;
			buildConfigurations = (
				03F254A01BF1CA73006181E0 /* Debug */,
				03F254A11BF1CA73006181E0 /* Release */,
			);
			defaultConfigurationIsVisible = 0;
			defaultConfigurationName = Release;
		};
		03F254A21BF1CA73006181E0 /* Build configuration list for PBXNativeTarget "MapKit" */ = {
			isa = XCConfigurationList;
			buildConfigurations = (
				03F254A31BF1CA73006181E0 /* Debug */,
				03F254A41BF1CA73006181E0 /* Release */,
			);
			defaultConfigurationIsVisible = 0;
		};
		03F254A51BF1CA73006181E0 /* Build configuration list for PBXNativeTarget "MapKitTests" */ = {
			isa = XCConfigurationList;
			buildConfigurations = (
				03F254A61BF1CA73006181E0 /* Debug */,
				03F254A71BF1CA73006181E0 /* Release */,
			);
			defaultConfigurationIsVisible = 0;
		};
		03F254A81BF1CA73006181E0 /* Build configuration list for PBXNativeTarget "MapKitUITests" */ = {
			isa = XCConfigurationList;
			buildConfigurations = (
				03F254A91BF1CA73006181E0 /* Debug */,
				03F254AA1BF1CA73006181E0 /* Release */,
			);
			defaultConfigurationIsVisible = 0;
		};
/* End XCConfigurationList section */
	};
	rootObject = 03F2546D1BF1CA72006181E0 /* Project object */;
}
